// !$*UTF8*$!
{
	archiveVersion = 1;
	classes = {
	};
	objectVersion = 55;
	objects = {

/* Begin PBXBuildFile section */
		5D1A4C53276EB7B600FF5439 /* landmarkData.json in Resources */ = {isa = PBXBuildFile; fileRef = 5D1A4C52276EB7B600FF5439 /* landmarkData.json */; };
		5D1A4C55276EB7F800FF5439 /* Landmark.swift in Sources */ = {isa = PBXBuildFile; fileRef = 5D1A4C54276EB7F800FF5439 /* Landmark.swift */; };
		5D1A4C57276ED45600FF5439 /* ModelData.swift in Sources */ = {isa = PBXBuildFile; fileRef = 5D1A4C56276ED45600FF5439 /* ModelData.swift */; };
		5D2802C82773ADEF0047768A /* FavoriteButton.swift in Sources */ = {isa = PBXBuildFile; fileRef = 5D2802C72773ADEF0047768A /* FavoriteButton.swift */; };
		5D2802CC2773C9460047768A /* HexagonParameters.swift in Sources */ = {isa = PBXBuildFile; fileRef = 5D2802CB2773C9460047768A /* HexagonParameters.swift */; };
		5D2802CE2773CCE60047768A /* BadgeBackground.swift in Sources */ = {isa = PBXBuildFile; fileRef = 5D2802CD2773CCE60047768A /* BadgeBackground.swift */; };
		5D3A613C2773EA61004EF2F4 /* BadgeSymbol.swift in Sources */ = {isa = PBXBuildFile; fileRef = 5D3A613B2773EA61004EF2F4 /* BadgeSymbol.swift */; };
		5D3A613E2773EBFF004EF2F4 /*  RotatedBadgeSymbol.swift in Sources */ = {isa = PBXBuildFile; fileRef = 5D3A613D2773EBFF004EF2F4 /*  RotatedBadgeSymbol.swift */; };
		5D3DFE56276C3906004B4E52 /* SwiftUITutApp.swift in Sources */ = {isa = PBXBuildFile; fileRef = 5D3DFE55276C3906004B4E52 /* SwiftUITutApp.swift */; };
		5D3DFE58276C3906004B4E52 /* ContentView.swift in Sources */ = {isa = PBXBuildFile; fileRef = 5D3DFE57276C3906004B4E52 /* ContentView.swift */; };
		5D3DFE5A276C3908004B4E52 /* Assets.xcassets in Resources */ = {isa = PBXBuildFile; fileRef = 5D3DFE59276C3908004B4E52 /* Assets.xcassets */; };
		5D3DFE5D276C3908004B4E52 /* Preview Assets.xcassets in Resources */ = {isa = PBXBuildFile; fileRef = 5D3DFE5C276C3908004B4E52 /* Preview Assets.xcassets */; };
		5D9F3E58276E50FF00F9CA36 /* CircleImage.swift in Sources */ = {isa = PBXBuildFile; fileRef = 5D9F3E57276E50FF00F9CA36 /* CircleImage.swift */; };
		5D9F3E5A276E535400F9CA36 /* MapView.swift in Sources */ = {isa = PBXBuildFile; fileRef = 5D9F3E59276E535400F9CA36 /* MapView.swift */; };
		5D9F9C042770FF4400D947AF /* LandmarkRow.swift in Sources */ = {isa = PBXBuildFile; fileRef = 5D9F9C032770FF4400D947AF /* LandmarkRow.swift */; };
		5D9F9C062771147700D947AF /* LandmarkList.swift in Sources */ = {isa = PBXBuildFile; fileRef = 5D9F9C052771147700D947AF /* LandmarkList.swift */; };
		5D9F9C0827711B8800D947AF /* LandmarkDetail.swift in Sources */ = {isa = PBXBuildFile; fileRef = 5D9F9C0727711B8800D947AF /* LandmarkDetail.swift */; };
/* End PBXBuildFile section */

/* Begin PBXFileReference section */
		5D1A4C52276EB7B600FF5439 /* landmarkData.json */ = {isa = PBXFileReference; fileEncoding = 4; lastKnownFileType = text.json; path = landmarkData.json; sourceTree = "<group>"; };
		5D1A4C54276EB7F800FF5439 /* Landmark.swift */ = {isa = PBXFileReference; lastKnownFileType = sourcecode.swift; path = Landmark.swift; sourceTree = "<group>"; };
		5D1A4C56276ED45600FF5439 /* ModelData.swift */ = {isa = PBXFileReference; lastKnownFileType = sourcecode.swift; path = ModelData.swift; sourceTree = "<group>"; };
		5D2802C72773ADEF0047768A /* FavoriteButton.swift */ = {isa = PBXFileReference; lastKnownFileType = sourcecode.swift; path = FavoriteButton.swift; sourceTree = "<group>"; };
		5D2802CB2773C9460047768A /* HexagonParameters.swift */ = {isa = PBXFileReference; lastKnownFileType = sourcecode.swift; path = HexagonParameters.swift; sourceTree = "<group>"; };
		5D2802CD2773CCE60047768A /* BadgeBackground.swift */ = {isa = PBXFileReference; lastKnownFileType = sourcecode.swift; path = BadgeBackground.swift; sourceTree = "<group>"; };
		5D3A613B2773EA61004EF2F4 /* BadgeSymbol.swift */ = {isa = PBXFileReference; lastKnownFileType = sourcecode.swift; path = BadgeSymbol.swift; sourceTree = "<group>"; };
		5D3A613D2773EBFF004EF2F4 /*  RotatedBadgeSymbol.swift */ = {isa = PBXFileReference; lastKnownFileType = sourcecode.swift; path = " RotatedBadgeSymbol.swift"; sourceTree = "<group>"; };
		5D3DFE52276C3906004B4E52 /* SwiftUITut.app */ = {isa = PBXFileReference; explicitFileType = wrapper.application; includeInIndex = 0; path = SwiftUITut.app; sourceTree = BUILT_PRODUCTS_DIR; };
		5D3DFE55276C3906004B4E52 /* SwiftUITutApp.swift */ = {isa = PBXFileReference; lastKnownFileType = sourcecode.swift; path = SwiftUITutApp.swift; sourceTree = "<group>"; };
		5D3DFE57276C3906004B4E52 /* ContentView.swift */ = {isa = PBXFileReference; lastKnownFileType = sourcecode.swift; path = ContentView.swift; sourceTree = "<group>"; };
		5D3DFE59276C3908004B4E52 /* Assets.xcassets */ = {isa = PBXFileReference; lastKnownFileType = folder.assetcatalog; path = Assets.xcassets; sourceTree = "<group>"; };
		5D3DFE5C276C3908004B4E52 /* Preview Assets.xcassets */ = {isa = PBXFileReference; lastKnownFileType = folder.assetcatalog; path = "Preview Assets.xcassets"; sourceTree = "<group>"; };
		5D9F3E57276E50FF00F9CA36 /* CircleImage.swift */ = {isa = PBXFileReference; lastKnownFileType = sourcecode.swift; path = CircleImage.swift; sourceTree = "<group>"; };
		5D9F3E59276E535400F9CA36 /* MapView.swift */ = {isa = PBXFileReference; lastKnownFileType = sourcecode.swift; path = MapView.swift; sourceTree = "<group>"; };
		5D9F9C032770FF4400D947AF /* LandmarkRow.swift */ = {isa = PBXFileReference; lastKnownFileType = sourcecode.swift; path = LandmarkRow.swift; sourceTree = "<group>"; };
		5D9F9C052771147700D947AF /* LandmarkList.swift */ = {isa = PBXFileReference; lastKnownFileType = sourcecode.swift; path = LandmarkList.swift; sourceTree = "<group>"; };
		5D9F9C0727711B8800D947AF /* LandmarkDetail.swift */ = {isa = PBXFileReference; lastKnownFileType = sourcecode.swift; path = LandmarkDetail.swift; sourceTree = "<group>"; };
/* End PBXFileReference section */

/* Begin PBXFrameworksBuildPhase section */
		5D3DFE4F276C3906004B4E52 /* Frameworks */ = {
			isa = PBXFrameworksBuildPhase;
			buildActionMask = 2147483647;
			files = (
			);
			runOnlyForDeploymentPostprocessing = 0;
		};
/* End PBXFrameworksBuildPhase section */

/* Begin PBXGroup section */
		5D1A4C58276ED9EF00FF5439 /* View */ = {
			isa = PBXGroup;
			children = (
				5D2802CA2773B4840047768A /* Landmark */,
				5D2802C92773B4570047768A /* Helpers */,
				5D3DFE57276C3906004B4E52 /* ContentView.swift */,
				5D2802CB2773C9460047768A /* HexagonParameters.swift */,
				5D2802CD2773CCE60047768A /* BadgeBackground.swift */,
				5D3A613B2773EA61004EF2F4 /* BadgeSymbol.swift */,
				5D3A613D2773EBFF004EF2F4 /*  RotatedBadgeSymbol.swift */,
			);
			path = View;
			sourceTree = "<group>";
		};
		5D1A4C59276ED9FA00FF5439 /* Model */ = {
			isa = PBXGroup;
			children = (
				5D1A4C56276ED45600FF5439 /* ModelData.swift */,
				5D1A4C54276EB7F800FF5439 /* Landmark.swift */,
			);
			path = Model;
			sourceTree = "<group>";
		};
		5D1A4C5A276EDA6100FF5439 /* Resources */ = {
			isa = PBXGroup;
			children = (
				5D1A4C52276EB7B600FF5439 /* landmarkData.json */,
			);
			path = Resources;
			sourceTree = "<group>";
		};
		5D2802C92773B4570047768A /* Helpers */ = {
			isa = PBXGroup;
			children = (
				5D2802C72773ADEF0047768A /* FavoriteButton.swift */,
				5D9F3E59276E535400F9CA36 /* MapView.swift */,
				5D9F3E57276E50FF00F9CA36 /* CircleImage.swift */,
			);
			path = Helpers;
			sourceTree = "<group>";
		};
		5D2802CA2773B4840047768A /* Landmark */ = {
			isa = PBXGroup;
			children = (
				5D9F9C0727711B8800D947AF /* LandmarkDetail.swift */,
				5D9F9C052771147700D947AF /* LandmarkList.swift */,
				5D9F9C032770FF4400D947AF /* LandmarkRow.swift */,
			);
			path = Landmark;
			sourceTree = "<group>";
		};
		5D3DFE49276C3906004B4E52 = {
			isa = PBXGroup;
			children = (
				5D3DFE54276C3906004B4E52 /* SwiftUITut */,
				5D3DFE53276C3906004B4E52 /* Products */,
			);
			sourceTree = "<group>";
		};
		5D3DFE53276C3906004B4E52 /* Products */ = {
			isa = PBXGroup;
			children = (
				5D3DFE52276C3906004B4E52 /* SwiftUITut.app */,
			);
			name = Products;
			sourceTree = "<group>";
		};
		5D3DFE54276C3906004B4E52 /* SwiftUITut */ = {
			isa = PBXGroup;
			children = (
				5D1A4C5A276EDA6100FF5439 /* Resources */,
				5D1A4C59276ED9FA00FF5439 /* Model */,
				5D3DFE55276C3906004B4E52 /* SwiftUITutApp.swift */,
				5D3DFE59276C3908004B4E52 /* Assets.xcassets */,
				5D1A4C58276ED9EF00FF5439 /* View */,
				5D3DFE5B276C3908004B4E52 /* Preview Content */,
			);
			path = SwiftUITut;
			sourceTree = "<group>";
		};
		5D3DFE5B276C3908004B4E52 /* Preview Content */ = {
			isa = PBXGroup;
			children = (
				5D3DFE5C276C3908004B4E52 /* Preview Assets.xcassets */,
			);
			path = "Preview Content";
			sourceTree = "<group>";
		};
/* End PBXGroup section */

/* Begin PBXNativeTarget section */
		5D3DFE51276C3906004B4E52 /* SwiftUITut */ = {
			isa = PBXNativeTarget;
			buildConfigurationList = 5D3DFE60276C3908004B4E52 /* Build configuration list for PBXNativeTarget "SwiftUITut" */;
			buildPhases = (
				5D3DFE4E276C3906004B4E52 /* Sources */,
				5D3DFE4F276C3906004B4E52 /* Frameworks */,
				5D3DFE50276C3906004B4E52 /* Resources */,
			);
			buildRules = (
			);
			dependencies = (
			);
			name = SwiftUITut;
			productName = SwiftUITut;
			productReference = 5D3DFE52276C3906004B4E52 /* SwiftUITut.app */;
			productType = "com.apple.product-type.application";
		};
/* End PBXNativeTarget section */

/* Begin PBXProject section */
		5D3DFE4A276C3906004B4E52 /* Project object */ = {
			isa = PBXProject;
			attributes = {
				BuildIndependentTargetsInParallel = 1;
				LastSwiftUpdateCheck = 1310;
				LastUpgradeCheck = 1310;
				TargetAttributes = {
					5D3DFE51276C3906004B4E52 = {
						CreatedOnToolsVersion = 13.1;
					};
				};
			};
			buildConfigurationList = 5D3DFE4D276C3906004B4E52 /* Build configuration list for PBXProject "SwiftUITut" */;
			compatibilityVersion = "Xcode 13.0";
			developmentRegion = en;
			hasScannedForEncodings = 0;
			knownRegions = (
				en,
				Base,
			);
			mainGroup = 5D3DFE49276C3906004B4E52;
			productRefGroup = 5D3DFE53276C3906004B4E52 /* Products */;
			projectDirPath = "";
			projectRoot = "";
			targets = (
				5D3DFE51276C3906004B4E52 /* SwiftUITut */,
			);
		};
/* End PBXProject section */

/* Begin PBXResourcesBuildPhase section */
		5D3DFE50276C3906004B4E52 /* Resources */ = {
			isa = PBXResourcesBuildPhase;
			buildActionMask = 2147483647;
			files = (
				5D3DFE5D276C3908004B4E52 /* Preview Assets.xcassets in Resources */,
				5D3DFE5A276C3908004B4E52 /* Assets.xcassets in Resources */,
				5D1A4C53276EB7B600FF5439 /* landmarkData.json in Resources */,
			);
			runOnlyForDeploymentPostprocessing = 0;
		};
/* End PBXResourcesBuildPhase section */

/* Begin PBXSourcesBuildPhase section */
		5D3DFE4E276C3906004B4E52 /* Sources */ = {
			isa = PBXSourcesBuildPhase;
			buildActionMask = 2147483647;
			files = (
				5D3DFE58276C3906004B4E52 /* ContentView.swift in Sources */,
				5D9F3E5A276E535400F9CA36 /* MapView.swift in Sources */,
				5D3DFE56276C3906004B4E52 /* SwiftUITutApp.swift in Sources */,
				5D2802C82773ADEF0047768A /* FavoriteButton.swift in Sources */,
				5D2802CC2773C9460047768A /* HexagonParameters.swift in Sources */,
				5D3A613C2773EA61004EF2F4 /* BadgeSymbol.swift in Sources */,
				5D9F9C062771147700D947AF /* LandmarkList.swift in Sources */,
				5D9F9C0827711B8800D947AF /* LandmarkDetail.swift in Sources */,
				5D3A613E2773EBFF004EF2F4 /*  RotatedBadgeSymbol.swift in Sources */,
				5D2802CE2773CCE60047768A /* BadgeBackground.swift in Sources */,
				5D9F3E58276E50FF00F9CA36 /* CircleImage.swift in Sources */,
				5D1A4C55276EB7F800FF5439 /* Landmark.swift in Sources */,
				5D9F9C042770FF4400D947AF /* LandmarkRow.swift in Sources */,
				5D1A4C57276ED45600FF5439 /* ModelData.swift in Sources */,
			);
			runOnlyForDeploymentPostprocessing = 0;
		};
/* End PBXSourcesBuildPhase section */

/* Begin XCBuildConfiguration section */
		5D3DFE5E276C3908004B4E52 /* Debug */ = {
			isa = XCBuildConfiguration;
			buildSettings = {
				ALWAYS_SEARCH_USER_PATHS = NO;
				CLANG_ANALYZER_NONNULL = YES;
				CLANG_ANALYZER_NUMBER_OBJECT_CONVERSION = YES_AGGRESSIVE;
				CLANG_CXX_LANGUAGE_STANDARD = "gnu++17";
				CLANG_CXX_LIBRARY = "libc++";
				CLANG_ENABLE_MODULES = YES;
				CLANG_ENABLE_OBJC_ARC = YES;
				CLANG_ENABLE_OBJC_WEAK = YES;
				CLANG_WARN_BLOCK_CAPTURE_AUTORELEASING = YES;
				CLANG_WARN_BOOL_CONVERSION = YES;
				CLANG_WARN_COMMA = YES;
				CLANG_WARN_CONSTANT_CONVERSION = YES;
				CLANG_WARN_DEPRECATED_OBJC_IMPLEMENTATIONS = YES;
				CLANG_WARN_DIRECT_OBJC_ISA_USAGE = YES_ERROR;
				CLANG_WARN_DOCUMENTATION_COMMENTS = YES;
				CLANG_WARN_EMPTY_BODY = YES;
				CLANG_WARN_ENUM_CONVERSION = YES;
				CLANG_WARN_INFINITE_RECURSION = YES;
				CLANG_WARN_INT_CONVERSION = YES;
				CLANG_WARN_NON_LITERAL_NULL_CONVERSION = YES;
				CLANG_WARN_OBJC_IMPLICIT_RETAIN_SELF = YES;
				CLANG_WARN_OBJC_LITERAL_CONVERSION = YES;
				CLANG_WARN_OBJC_ROOT_CLASS = YES_ERROR;
				CLANG_WARN_QUOTED_INCLUDE_IN_FRAMEWORK_HEADER = YES;
				CLANG_WARN_RANGE_LOOP_ANALYSIS = YES;
				CLANG_WARN_STRICT_PROTOTYPES = YES;
				CLANG_WARN_SUSPICIOUS_MOVE = YES;
				CLANG_WARN_UNGUARDED_AVAILABILITY = YES_AGGRESSIVE;
				CLANG_WARN_UNREACHABLE_CODE = YES;
				CLANG_WARN__DUPLICATE_METHOD_MATCH = YES;
				COPY_PHASE_STRIP = NO;
				DEBUG_INFORMATION_FORMAT = dwarf;
				ENABLE_STRICT_OBJC_MSGSEND = YES;
				ENABLE_TESTABILITY = YES;
				GCC_C_LANGUAGE_STANDARD = gnu11;
				GCC_DYNAMIC_NO_PIC = NO;
				GCC_NO_COMMON_BLOCKS = YES;
				GCC_OPTIMIZATION_LEVEL = 0;
				GCC_PREPROCESSOR_DEFINITIONS = (
					"DEBUG=1",
					"$(inherited)",
				);
				GCC_WARN_64_TO_32_BIT_CONVERSION = YES;
				GCC_WARN_ABOUT_RETURN_TYPE = YES_ERROR;
				GCC_WARN_UNDECLARED_SELECTOR = YES;
				GCC_WARN_UNINITIALIZED_AUTOS = YES_AGGRESSIVE;
				GCC_WARN_UNUSED_FUNCTION = YES;
				GCC_WARN_UNUSED_VARIABLE = YES;
				IPHONEOS_DEPLOYMENT_TARGET = 15.0;
				MTL_ENABLE_DEBUG_INFO = INCLUDE_SOURCE;
				MTL_FAST_MATH = YES;
				ONLY_ACTIVE_ARCH = YES;
				SDKROOT = iphoneos;
				SWIFT_ACTIVE_COMPILATION_CONDITIONS = DEBUG;
				SWIFT_OPTIMIZATION_LEVEL = "-Onone";
			};
			name = Debug;
		};
		5D3DFE5F276C3908004B4E52 /* Release */ = {
			isa = XCBuildConfiguration;
			buildSettings = {
				ALWAYS_SEARCH_USER_PATHS = NO;
				CLANG_ANALYZER_NONNULL = YES;
				CLANG_ANALYZER_NUMBER_OBJECT_CONVERSION = YES_AGGRESSIVE;
				CLANG_CXX_LANGUAGE_STANDARD = "gnu++17";
				CLANG_CXX_LIBRARY = "libc++";
				CLANG_ENABLE_MODULES = YES;
				CLANG_ENABLE_OBJC_ARC = YES;
				CLANG_ENABLE_OBJC_WEAK = YES;
				CLANG_WARN_BLOCK_CAPTURE_AUTORELEASING = YES;
				CLANG_WARN_BOOL_CONVERSION = YES;
				CLANG_WARN_COMMA = YES;
				CLANG_WARN_CONSTANT_CONVERSION = YES;
				CLANG_WARN_DEPRECATED_OBJC_IMPLEMENTATIONS = YES;
				CLANG_WARN_DIRECT_OBJC_ISA_USAGE = YES_ERROR;
				CLANG_WARN_DOCUMENTATION_COMMENTS = YES;
				CLANG_WARN_EMPTY_BODY = YES;
				CLANG_WARN_ENUM_CONVERSION = YES;
				CLANG_WARN_INFINITE_RECURSION = YES;
				CLANG_WARN_INT_CONVERSION = YES;
				CLANG_WARN_NON_LITERAL_NULL_CONVERSION = YES;
				CLANG_WARN_OBJC_IMPLICIT_RETAIN_SELF = YES;
				CLANG_WARN_OBJC_LITERAL_CONVERSION = YES;
				CLANG_WARN_OBJC_ROOT_CLASS = YES_ERROR;
				CLANG_WARN_QUOTED_INCLUDE_IN_FRAMEWORK_HEADER = YES;
				CLANG_WARN_RANGE_LOOP_ANALYSIS = YES;
				CLANG_WARN_STRICT_PROTOTYPES = YES;
				CLANG_WARN_SUSPICIOUS_MOVE = YES;
				CLANG_WARN_UNGUARDED_AVAILABILITY = YES_AGGRESSIVE;
				CLANG_WARN_UNREACHABLE_CODE = YES;
				CLANG_WARN__DUPLICATE_METHOD_MATCH = YES;
				COPY_PHASE_STRIP = NO;
				DEBUG_INFORMATION_FORMAT = "dwarf-with-dsym";
				ENABLE_NS_ASSERTIONS = NO;
				ENABLE_STRICT_OBJC_MSGSEND = YES;
				GCC_C_LANGUAGE_STANDARD = gnu11;
				GCC_NO_COMMON_BLOCKS = YES;
				GCC_WARN_64_TO_32_BIT_CONVERSION = YES;
				GCC_WARN_ABOUT_RETURN_TYPE = YES_ERROR;
				GCC_WARN_UNDECLARED_SELECTOR = YES;
				GCC_WARN_UNINITIALIZED_AUTOS = YES_AGGRESSIVE;
				GCC_WARN_UNUSED_FUNCTION = YES;
				GCC_WARN_UNUSED_VARIABLE = YES;
				IPHONEOS_DEPLOYMENT_TARGET = 15.0;
				MTL_ENABLE_DEBUG_INFO = NO;
				MTL_FAST_MATH = YES;
				SDKROOT = iphoneos;
				SWIFT_COMPILATION_MODE = wholemodule;
				SWIFT_OPTIMIZATION_LEVEL = "-O";
				VALIDATE_PRODUCT = YES;
			};
			name = Release;
		};
		5D3DFE61276C3908004B4E52 /* Debug */ = {
			isa = XCBuildConfiguration;
			buildSettings = {
				ASSETCATALOG_COMPILER_APPICON_NAME = AppIcon;
				ASSETCATALOG_COMPILER_GLOBAL_ACCENT_COLOR_NAME = AccentColor;
				CODE_SIGN_STYLE = Automatic;
				CURRENT_PROJECT_VERSION = 1;
				DEVELOPMENT_ASSET_PATHS = "\"SwiftUITut/Preview Content\"";
				DEVELOPMENT_TEAM = 6KUX8T2PAS;
				ENABLE_PREVIEWS = YES;
				GENERATE_INFOPLIST_FILE = YES;
				INFOPLIST_KEY_UIApplicationSceneManifest_Generation = YES;
				INFOPLIST_KEY_UIApplicationSupportsIndirectInputEvents = YES;
				INFOPLIST_KEY_UILaunchScreen_Generation = YES;
				INFOPLIST_KEY_UISupportedInterfaceOrientations_iPad = "UIInterfaceOrientationPortrait UIInterfaceOrientationPortraitUpsideDown UIInterfaceOrientationLandscapeLeft UIInterfaceOrientationLandscapeRight";
				INFOPLIST_KEY_UISupportedInterfaceOrientations_iPhone = "UIInterfaceOrientationPortrait UIInterfaceOrientationLandscapeLeft UIInterfaceOrientationLandscapeRight";
				LD_RUNPATH_SEARCH_PATHS = (
					"$(inherited)",
					"@executable_path/Frameworks",
				);
				MARKETING_VERSION = 1.0;
				PRODUCT_BUNDLE_IDENTIFIER = net.trancool.app.SwiftUITut;
				PRODUCT_NAME = "$(TARGET_NAME)";
				SWIFT_EMIT_LOC_STRINGS = YES;
				SWIFT_VERSION = 5.0;
				TARGETED_DEVICE_FAMILY = "1,2";
			};
			name = Debug;
		};
		5D3DFE62276C3908004B4E52 /* Release */ = {
			isa = XCBuildConfiguration;
			buildSettings = {
				ASSETCATALOG_COMPILER_APPICON_NAME = AppIcon;
				ASSETCATALOG_COMPILER_GLOBAL_ACCENT_COLOR_NAME = AccentColor;
				CODE_SIGN_STYLE = Automatic;
				CURRENT_PROJECT_VERSION = 1;
				DEVELOPMENT_ASSET_PATHS = "\"SwiftUITut/Preview Content\"";
				DEVELOPMENT_TEAM = 6KUX8T2PAS;
				ENABLE_PREVIEWS = YES;
				GENERATE_INFOPLIST_FILE = YES;
				INFOPLIST_KEY_UIApplicationSceneManifest_Generation = YES;
				INFOPLIST_KEY_UIApplicationSupportsIndirectInputEvents = YES;
				INFOPLIST_KEY_UILaunchScreen_Generation = YES;
				INFOPLIST_KEY_UISupportedInterfaceOrientations_iPad = "UIInterfaceOrientationPortrait UIInterfaceOrientationPortraitUpsideDown UIInterfaceOrientationLandscapeLeft UIInterfaceOrientationLandscapeRight";
				INFOPLIST_KEY_UISupportedInterfaceOrientations_iPhone = "UIInterfaceOrientationPortrait UIInterfaceOrientationLandscapeLeft UIInterfaceOrientationLandscapeRight";
				LD_RUNPATH_SEARCH_PATHS = (
					"$(inherited)",
					"@executable_path/Frameworks",
				);
				MARKETING_VERSION = 1.0;
				PRODUCT_BUNDLE_IDENTIFIER = net.trancool.app.SwiftUITut;
				PRODUCT_NAME = "$(TARGET_NAME)";
				SWIFT_EMIT_LOC_STRINGS = YES;
				SWIFT_VERSION = 5.0;
				TARGETED_DEVICE_FAMILY = "1,2";
			};
			name = Release;
		};
/* End XCBuildConfiguration section */

/* Begin XCConfigurationList section */
		5D3DFE4D276C3906004B4E52 /* Build configuration list for PBXProject "SwiftUITut" */ = {
			isa = XCConfigurationList;
			buildConfigurations = (
				5D3DFE5E276C3908004B4E52 /* Debug */,
				5D3DFE5F276C3908004B4E52 /* Release */,
			);
			defaultConfigurationIsVisible = 0;
			defaultConfigurationName = Release;
		};
		5D3DFE60276C3908004B4E52 /* Build configuration list for PBXNativeTarget "SwiftUITut" */ = {
			isa = XCConfigurationList;
			buildConfigurations = (
				5D3DFE61276C3908004B4E52 /* Debug */,
				5D3DFE62276C3908004B4E52 /* Release */,
			);
			defaultConfigurationIsVisible = 0;
			defaultConfigurationName = Release;
		};
/* End XCConfigurationList section */
	};
	rootObject = 5D3DFE4A276C3906004B4E52 /* Project object */;
}
